// !$*UTF8*$!
{
	archiveVersion = 1;
	classes = {
	};
	objectVersion = 56;
	objects = {

/* Begin PBXBuildFile section */
		AB0D8B8F2A51474200351E63 /* AppDelegate.swift in Sources */ = {isa = PBXBuildFile; fileRef = AB0D8B8E2A51474200351E63 /* AppDelegate.swift */; };
		AB0D8B912A51474200351E63 /* SceneDelegate.swift in Sources */ = {isa = PBXBuildFile; fileRef = AB0D8B902A51474200351E63 /* SceneDelegate.swift */; };
		AB0D8B982A51474400351E63 /* Assets.xcassets in Resources */ = {isa = PBXBuildFile; fileRef = AB0D8B972A51474400351E63 /* Assets.xcassets */; };
		AB0D8B9B2A51474400351E63 /* LaunchScreen.storyboard in Resources */ = {isa = PBXBuildFile; fileRef = AB0D8B992A51474400351E63 /* LaunchScreen.storyboard */; };
		AB0D8BA42A5169A700351E63 /* NetworkManager.swift in Sources */ = {isa = PBXBuildFile; fileRef = AB0D8BA32A5169A700351E63 /* NetworkManager.swift */; };
		AB0D8BA72A5169F700351E63 /* Object.swift in Sources */ = {isa = PBXBuildFile; fileRef = AB0D8BA62A5169F700351E63 /* Object.swift */; };
		AB0D8BAA2A516A4100351E63 /* ErrorMessage.swift in Sources */ = {isa = PBXBuildFile; fileRef = AB0D8BA92A516A4100351E63 /* ErrorMessage.swift */; };
		AB0D8BB22A516B4E00351E63 /* StatCell.swift in Sources */ = {isa = PBXBuildFile; fileRef = AB0D8BB12A516B4E00351E63 /* StatCell.swift */; };
		AB0D8BB72A518D6100351E63 /* UIColor+Ext.swift in Sources */ = {isa = PBXBuildFile; fileRef = AB0D8BB62A518D6100351E63 /* UIColor+Ext.swift */; };
		AB0D8BBA2A5196C800351E63 /* Figtree-SemiBold.ttf in Resources */ = {isa = PBXBuildFile; fileRef = AB0D8BB92A5196C800351E63 /* Figtree-SemiBold.ttf */; };
		AB0D8BBC2A51972500351E63 /* Figtree-Regular.ttf in Resources */ = {isa = PBXBuildFile; fileRef = AB0D8BBB2A51972500351E63 /* Figtree-Regular.ttf */; };
		AB0D8BBE2A51A24700351E63 /* UIView+Constraints.swift in Sources */ = {isa = PBXBuildFile; fileRef = AB0D8BBD2A51A24700351E63 /* UIView+Constraints.swift */; };
		AB0D8BC02A51D87B00351E63 /* LinkCell.swift in Sources */ = {isa = PBXBuildFile; fileRef = AB0D8BBF2A51D87B00351E63 /* LinkCell.swift */; };
		AB0D8BC92A55494300351E63 /* LineChartView.swift in Sources */ = {isa = PBXBuildFile; fileRef = AB0D8BC82A55494300351E63 /* LineChartView.swift */; };
		AB0D8BCE2A555E5E00351E63 /* CustomViewButton.swift in Sources */ = {isa = PBXBuildFile; fileRef = AB0D8BCD2A555E5E00351E63 /* CustomViewButton.swift */; };
		AB0D8BD02A55632000351E63 /* TintButton.swift in Sources */ = {isa = PBXBuildFile; fileRef = AB0D8BCF2A55632000351E63 /* TintButton.swift */; };
		AB0D8BD92A55C1BE00351E63 /* RemoteImageView.swift in Sources */ = {isa = PBXBuildFile; fileRef = AB0D8BD82A55C1BE00351E63 /* RemoteImageView.swift */; };
		AB0D8BDD2A55C56E00351E63 /* EmptyViewController.swift in Sources */ = {isa = PBXBuildFile; fileRef = AB0D8BDC2A55C56E00351E63 /* EmptyViewController.swift */; };
		AB0D8BDF2A55D6FC00351E63 /* DataLoadingVC.swift in Sources */ = {isa = PBXBuildFile; fileRef = AB0D8BDE2A55D6FC00351E63 /* DataLoadingVC.swift */; };
		AB0D8BE12A55DEF900351E63 /* ChartCell.swift in Sources */ = {isa = PBXBuildFile; fileRef = AB0D8BE02A55DEF900351E63 /* ChartCell.swift */; };
		AB0D8BE32A55F49100351E63 /* MainViewController.swift in Sources */ = {isa = PBXBuildFile; fileRef = AB0D8BE22A55F49100351E63 /* MainViewController.swift */; };
		AB0D8BE52A560E7900351E63 /* CapsuleButton.swift in Sources */ = {isa = PBXBuildFile; fileRef = AB0D8BE42A560E7900351E63 /* CapsuleButton.swift */; };
/* End PBXBuildFile section */

/* Begin PBXFileReference section */
		AB0D8B8B2A51474200351E63 /* ListedAssignment.app */ = {isa = PBXFileReference; explicitFileType = wrapper.application; includeInIndex = 0; path = ListedAssignment.app; sourceTree = BUILT_PRODUCTS_DIR; };
		AB0D8B8E2A51474200351E63 /* AppDelegate.swift */ = {isa = PBXFileReference; lastKnownFileType = sourcecode.swift; path = AppDelegate.swift; sourceTree = "<group>"; };
		AB0D8B902A51474200351E63 /* SceneDelegate.swift */ = {isa = PBXFileReference; lastKnownFileType = sourcecode.swift; path = SceneDelegate.swift; sourceTree = "<group>"; };
		AB0D8B972A51474400351E63 /* Assets.xcassets */ = {isa = PBXFileReference; lastKnownFileType = folder.assetcatalog; path = Assets.xcassets; sourceTree = "<group>"; };
		AB0D8B9A2A51474400351E63 /* Base */ = {isa = PBXFileReference; lastKnownFileType = file.storyboard; name = Base; path = Base.lproj/LaunchScreen.storyboard; sourceTree = "<group>"; };
		AB0D8B9C2A51474400351E63 /* Info.plist */ = {isa = PBXFileReference; lastKnownFileType = text.plist.xml; path = Info.plist; sourceTree = "<group>"; };
		AB0D8BA32A5169A700351E63 /* NetworkManager.swift */ = {isa = PBXFileReference; lastKnownFileType = sourcecode.swift; path = NetworkManager.swift; sourceTree = "<group>"; };
		AB0D8BA62A5169F700351E63 /* Object.swift */ = {isa = PBXFileReference; lastKnownFileType = sourcecode.swift; path = Object.swift; sourceTree = "<group>"; };
		AB0D8BA92A516A4100351E63 /* ErrorMessage.swift */ = {isa = PBXFileReference; lastKnownFileType = sourcecode.swift; path = ErrorMessage.swift; sourceTree = "<group>"; };
		AB0D8BB12A516B4E00351E63 /* StatCell.swift */ = {isa = PBXFileReference; lastKnownFileType = sourcecode.swift; path = StatCell.swift; sourceTree = "<group>"; };
		AB0D8BB62A518D6100351E63 /* UIColor+Ext.swift */ = {isa = PBXFileReference; lastKnownFileType = sourcecode.swift; path = "UIColor+Ext.swift"; sourceTree = "<group>"; };
		AB0D8BB92A5196C800351E63 /* Figtree-SemiBold.ttf */ = {isa = PBXFileReference; lastKnownFileType = file; path = "Figtree-SemiBold.ttf"; sourceTree = "<group>"; };
		AB0D8BBB2A51972500351E63 /* Figtree-Regular.ttf */ = {isa = PBXFileReference; lastKnownFileType = file; path = "Figtree-Regular.ttf"; sourceTree = "<group>"; };
		AB0D8BBD2A51A24700351E63 /* UIView+Constraints.swift */ = {isa = PBXFileReference; lastKnownFileType = sourcecode.swift; path = "UIView+Constraints.swift"; sourceTree = "<group>"; };
		AB0D8BBF2A51D87B00351E63 /* LinkCell.swift */ = {isa = PBXFileReference; lastKnownFileType = sourcecode.swift; path = LinkCell.swift; sourceTree = "<group>"; };
		AB0D8BC82A55494300351E63 /* LineChartView.swift */ = {isa = PBXFileReference; lastKnownFileType = sourcecode.swift; path = LineChartView.swift; sourceTree = "<group>"; };
		AB0D8BCD2A555E5E00351E63 /* CustomViewButton.swift */ = {isa = PBXFileReference; lastKnownFileType = sourcecode.swift; path = CustomViewButton.swift; sourceTree = "<group>"; };
		AB0D8BCF2A55632000351E63 /* TintButton.swift */ = {isa = PBXFileReference; lastKnownFileType = sourcecode.swift; path = TintButton.swift; sourceTree = "<group>"; };
		AB0D8BD82A55C1BE00351E63 /* RemoteImageView.swift */ = {isa = PBXFileReference; lastKnownFileType = sourcecode.swift; path = RemoteImageView.swift; sourceTree = "<group>"; };
		AB0D8BDC2A55C56E00351E63 /* EmptyViewController.swift */ = {isa = PBXFileReference; lastKnownFileType = sourcecode.swift; path = EmptyViewController.swift; sourceTree = "<group>"; };
		AB0D8BDE2A55D6FC00351E63 /* DataLoadingVC.swift */ = {isa = PBXFileReference; lastKnownFileType = sourcecode.swift; path = DataLoadingVC.swift; sourceTree = "<group>"; };
		AB0D8BE02A55DEF900351E63 /* ChartCell.swift */ = {isa = PBXFileReference; lastKnownFileType = sourcecode.swift; path = ChartCell.swift; sourceTree = "<group>"; };
		AB0D8BE22A55F49100351E63 /* MainViewController.swift */ = {isa = PBXFileReference; lastKnownFileType = sourcecode.swift; path = MainViewController.swift; sourceTree = "<group>"; };
		AB0D8BE42A560E7900351E63 /* CapsuleButton.swift */ = {isa = PBXFileReference; lastKnownFileType = sourcecode.swift; path = CapsuleButton.swift; sourceTree = "<group>"; };
/* End PBXFileReference section */

/* Begin PBXFrameworksBuildPhase section */
		AB0D8B882A51474200351E63 /* Frameworks */ = {
			isa = PBXFrameworksBuildPhase;
			buildActionMask = 2147483647;
			files = (
			);
			runOnlyForDeploymentPostprocessing = 0;
		};
/* End PBXFrameworksBuildPhase section */

/* Begin PBXGroup section */
		AB0D8B822A51474200351E63 = {
			isa = PBXGroup;
			children = (
				AB0D8B8D2A51474200351E63 /* ListedAssignment */,
				AB0D8B8C2A51474200351E63 /* Products */,
			);
			sourceTree = "<group>";
		};
		AB0D8B8C2A51474200351E63 /* Products */ = {
			isa = PBXGroup;
			children = (
				AB0D8B8B2A51474200351E63 /* ListedAssignment.app */,
			);
			name = Products;
			sourceTree = "<group>";
		};
		AB0D8B8D2A51474200351E63 /* ListedAssignment */ = {
			isa = PBXGroup;
			children = (
				AB0D8BCC2A555E4E00351E63 /* Custom */,
				AB0D8BC52A55468C00351E63 /* LineChart */,
				AB0D8BB82A5196B200351E63 /* Fonts */,
				AB0D8BB32A516BBF00351E63 /* Extensions */,
				AB0D8BB02A516B3800351E63 /* Cells */,
				AB0D8BA82A516A2C00351E63 /* Utilities */,
				AB0D8BA52A5169EB00351E63 /* Model */,
				AB0D8BA22A51699700351E63 /* Manager */,
				AB0D8B8E2A51474200351E63 /* AppDelegate.swift */,
				AB0D8B902A51474200351E63 /* SceneDelegate.swift */,
				AB0D8BE62A56174300351E63 /* ViewControllers */,
				AB0D8B972A51474400351E63 /* Assets.xcassets */,
				AB0D8B992A51474400351E63 /* LaunchScreen.storyboard */,
				AB0D8B9C2A51474400351E63 /* Info.plist */,
			);
			path = ListedAssignment;
			sourceTree = "<group>";
		};
		AB0D8BA22A51699700351E63 /* Manager */ = {
			isa = PBXGroup;
			children = (
				AB0D8BA32A5169A700351E63 /* NetworkManager.swift */,
			);
			path = Manager;
			sourceTree = "<group>";
		};
		AB0D8BA52A5169EB00351E63 /* Model */ = {
			isa = PBXGroup;
			children = (
				AB0D8BA62A5169F700351E63 /* Object.swift */,
			);
			path = Model;
			sourceTree = "<group>";
		};
		AB0D8BA82A516A2C00351E63 /* Utilities */ = {
			isa = PBXGroup;
			children = (
				AB0D8BA92A516A4100351E63 /* ErrorMessage.swift */,
				AB0D8BD82A55C1BE00351E63 /* RemoteImageView.swift */,
			);
			path = Utilities;
			sourceTree = "<group>";
		};
		AB0D8BB02A516B3800351E63 /* Cells */ = {
			isa = PBXGroup;
			children = (
				AB0D8BB12A516B4E00351E63 /* StatCell.swift */,
				AB0D8BBF2A51D87B00351E63 /* LinkCell.swift */,
				AB0D8BE02A55DEF900351E63 /* ChartCell.swift */,
			);
			path = Cells;
			sourceTree = "<group>";
		};
		AB0D8BB32A516BBF00351E63 /* Extensions */ = {
			isa = PBXGroup;
			children = (
				AB0D8BB62A518D6100351E63 /* UIColor+Ext.swift */,
				AB0D8BBD2A51A24700351E63 /* UIView+Constraints.swift */,
			);
			path = Extensions;
			sourceTree = "<group>";
		};
		AB0D8BB82A5196B200351E63 /* Fonts */ = {
			isa = PBXGroup;
			children = (
				AB0D8BBB2A51972500351E63 /* Figtree-Regular.ttf */,
				AB0D8BB92A5196C800351E63 /* Figtree-SemiBold.ttf */,
			);
			path = Fonts;
			sourceTree = "<group>";
		};
		AB0D8BC52A55468C00351E63 /* LineChart */ = {
			isa = PBXGroup;
			children = (
				AB0D8BC82A55494300351E63 /* LineChartView.swift */,
			);
			path = LineChart;
			sourceTree = "<group>";
		};
		AB0D8BCC2A555E4E00351E63 /* Custom */ = {
			isa = PBXGroup;
			children = (
				AB0D8BCD2A555E5E00351E63 /* CustomViewButton.swift */,
				AB0D8BCF2A55632000351E63 /* TintButton.swift */,
				AB0D8BE42A560E7900351E63 /* CapsuleButton.swift */,
			);
			path = Custom;
			sourceTree = "<group>";
		};
		AB0D8BE62A56174300351E63 /* ViewControllers */ = {
			isa = PBXGroup;
			children = (
				AB0D8BDE2A55D6FC00351E63 /* DataLoadingVC.swift */,
				AB0D8BDC2A55C56E00351E63 /* EmptyViewController.swift */,
				AB0D8BE22A55F49100351E63 /* MainViewController.swift */,
			);
			path = ViewControllers;
			sourceTree = "<group>";
		};
/* End PBXGroup section */

/* Begin PBXNativeTarget section */
		AB0D8B8A2A51474200351E63 /* ListedAssignment */ = {
			isa = PBXNativeTarget;
			buildConfigurationList = AB0D8B9F2A51474400351E63 /* Build configuration list for PBXNativeTarget "ListedAssignment" */;
			buildPhases = (
				AB0D8B872A51474200351E63 /* Sources */,
				AB0D8B882A51474200351E63 /* Frameworks */,
				AB0D8B892A51474200351E63 /* Resources */,
			);
			buildRules = (
			);
			dependencies = (
			);
			name = ListedAssignment;
			productName = ListedAssignment;
			productReference = AB0D8B8B2A51474200351E63 /* ListedAssignment.app */;
			productType = "com.apple.product-type.application";
		};
/* End PBXNativeTarget section */

/* Begin PBXProject section */
		AB0D8B832A51474200351E63 /* Project object */ = {
			isa = PBXProject;
			attributes = {
				BuildIndependentTargetsInParallel = 1;
				LastSwiftUpdateCheck = 1420;
				LastUpgradeCheck = 1420;
				TargetAttributes = {
					AB0D8B8A2A51474200351E63 = {
						CreatedOnToolsVersion = 14.2;
					};
				};
			};
			buildConfigurationList = AB0D8B862A51474200351E63 /* Build configuration list for PBXProject "ListedAssignment" */;
			compatibilityVersion = "Xcode 14.0";
			developmentRegion = en;
			hasScannedForEncodings = 0;
			knownRegions = (
				en,
				Base,
			);
			mainGroup = AB0D8B822A51474200351E63;
			productRefGroup = AB0D8B8C2A51474200351E63 /* Products */;
			projectDirPath = "";
			projectRoot = "";
			targets = (
				AB0D8B8A2A51474200351E63 /* ListedAssignment */,
			);
		};
/* End PBXProject section */

/* Begin PBXResourcesBuildPhase section */
		AB0D8B892A51474200351E63 /* Resources */ = {
			isa = PBXResourcesBuildPhase;
			buildActionMask = 2147483647;
			files = (
				AB0D8BBC2A51972500351E63 /* Figtree-Regular.ttf in Resources */,
				AB0D8BBA2A5196C800351E63 /* Figtree-SemiBold.ttf in Resources */,
				AB0D8B9B2A51474400351E63 /* LaunchScreen.storyboard in Resources */,
				AB0D8B982A51474400351E63 /* Assets.xcassets in Resources */,
			);
			runOnlyForDeploymentPostprocessing = 0;
		};
/* End PBXResourcesBuildPhase section */

/* Begin PBXSourcesBuildPhase section */
		AB0D8B872A51474200351E63 /* Sources */ = {
			isa = PBXSourcesBuildPhase;
			buildActionMask = 2147483647;
			files = (
				AB0D8BB22A516B4E00351E63 /* StatCell.swift in Sources */,
				AB0D8BBE2A51A24700351E63 /* UIView+Constraints.swift in Sources */,
				AB0D8BA72A5169F700351E63 /* Object.swift in Sources */,
				AB0D8BC92A55494300351E63 /* LineChartView.swift in Sources */,
				AB0D8BE32A55F49100351E63 /* MainViewController.swift in Sources */,
				AB0D8BDD2A55C56E00351E63 /* EmptyViewController.swift in Sources */,
				AB0D8BB72A518D6100351E63 /* UIColor+Ext.swift in Sources */,
				AB0D8BDF2A55D6FC00351E63 /* DataLoadingVC.swift in Sources */,
				AB0D8BD02A55632000351E63 /* TintButton.swift in Sources */,
				AB0D8BA42A5169A700351E63 /* NetworkManager.swift in Sources */,
				AB0D8BD92A55C1BE00351E63 /* RemoteImageView.swift in Sources */,
				AB0D8B8F2A51474200351E63 /* AppDelegate.swift in Sources */,
				AB0D8BAA2A516A4100351E63 /* ErrorMessage.swift in Sources */,
				AB0D8BE12A55DEF900351E63 /* ChartCell.swift in Sources */,
				AB0D8B912A51474200351E63 /* SceneDelegate.swift in Sources */,
				AB0D8BCE2A555E5E00351E63 /* CustomViewButton.swift in Sources */,
				AB0D8BE52A560E7900351E63 /* CapsuleButton.swift in Sources */,
				AB0D8BC02A51D87B00351E63 /* LinkCell.swift in Sources */,
			);
			runOnlyForDeploymentPostprocessing = 0;
		};
/* End PBXSourcesBuildPhase section */

/* Begin PBXVariantGroup section */
		AB0D8B992A51474400351E63 /* LaunchScreen.storyboard */ = {
			isa = PBXVariantGroup;
			children = (
				AB0D8B9A2A51474400351E63 /* Base */,
			);
			name = LaunchScreen.storyboard;
			sourceTree = "<group>";
		};
/* End PBXVariantGroup section */

/* Begin XCBuildConfiguration section */
		AB0D8B9D2A51474400351E63 /* Debug */ = {
			isa = XCBuildConfiguration;
			buildSettings = {
				ALWAYS_SEARCH_USER_PATHS = NO;
				CLANG_ANALYZER_NONNULL = YES;
				CLANG_ANALYZER_NUMBER_OBJECT_CONVERSION = YES_AGGRESSIVE;
				CLANG_CXX_LANGUAGE_STANDARD = "gnu++20";
				CLANG_ENABLE_MODULES = YES;
				CLANG_ENABLE_OBJC_ARC = YES;
				CLANG_ENABLE_OBJC_WEAK = YES;
				CLANG_WARN_BLOCK_CAPTURE_AUTORELEASING = YES;
				CLANG_WARN_BOOL_CONVERSION = YES;
				CLANG_WARN_COMMA = YES;
				CLANG_WARN_CONSTANT_CONVERSION = YES;
				CLANG_WARN_DEPRECATED_OBJC_IMPLEMENTATIONS = YES;
				CLANG_WARN_DIRECT_OBJC_ISA_USAGE = YES_ERROR;
				CLANG_WARN_DOCUMENTATION_COMMENTS = YES;
				CLANG_WARN_EMPTY_BODY = YES;
				CLANG_WARN_ENUM_CONVERSION = YES;
				CLANG_WARN_INFINITE_RECURSION = YES;
				CLANG_WARN_INT_CONVERSION = YES;
				CLANG_WARN_NON_LITERAL_NULL_CONVERSION = YES;
				CLANG_WARN_OBJC_IMPLICIT_RETAIN_SELF = YES;
				CLANG_WARN_OBJC_LITERAL_CONVERSION = YES;
				CLANG_WARN_OBJC_ROOT_CLASS = YES_ERROR;
				CLANG_WARN_QUOTED_INCLUDE_IN_FRAMEWORK_HEADER = YES;
				CLANG_WARN_RANGE_LOOP_ANALYSIS = YES;
				CLANG_WARN_STRICT_PROTOTYPES = YES;
				CLANG_WARN_SUSPICIOUS_MOVE = YES;
				CLANG_WARN_UNGUARDED_AVAILABILITY = YES_AGGRESSIVE;
				CLANG_WARN_UNREACHABLE_CODE = YES;
				CLANG_WARN__DUPLICATE_METHOD_MATCH = YES;
				COPY_PHASE_STRIP = NO;
				DEBUG_INFORMATION_FORMAT = dwarf;
				ENABLE_STRICT_OBJC_MSGSEND = YES;
				ENABLE_TESTABILITY = YES;
				GCC_C_LANGUAGE_STANDARD = gnu11;
				GCC_DYNAMIC_NO_PIC = NO;
				GCC_NO_COMMON_BLOCKS = YES;
				GCC_OPTIMIZATION_LEVEL = 0;
				GCC_PREPROCESSOR_DEFINITIONS = (
					"DEBUG=1",
					"$(inherited)",
				);
				GCC_WARN_64_TO_32_BIT_CONVERSION = YES;
				GCC_WARN_ABOUT_RETURN_TYPE = YES_ERROR;
				GCC_WARN_UNDECLARED_SELECTOR = YES;
				GCC_WARN_UNINITIALIZED_AUTOS = YES_AGGRESSIVE;
				GCC_WARN_UNUSED_FUNCTION = YES;
				GCC_WARN_UNUSED_VARIABLE = YES;
				IPHONEOS_DEPLOYMENT_TARGET = 16.2;
				MTL_ENABLE_DEBUG_INFO = INCLUDE_SOURCE;
				MTL_FAST_MATH = YES;
				ONLY_ACTIVE_ARCH = YES;
				SDKROOT = iphoneos;
				SWIFT_ACTIVE_COMPILATION_CONDITIONS = DEBUG;
				SWIFT_OPTIMIZATION_LEVEL = "-Onone";
			};
			name = Debug;
		};
		AB0D8B9E2A51474400351E63 /* Release */ = {
			isa = XCBuildConfiguration;
			buildSettings = {
				ALWAYS_SEARCH_USER_PATHS = NO;
				CLANG_ANALYZER_NONNULL = YES;
				CLANG_ANALYZER_NUMBER_OBJECT_CONVERSION = YES_AGGRESSIVE;
				CLANG_CXX_LANGUAGE_STANDARD = "gnu++20";
				CLANG_ENABLE_MODULES = YES;
				CLANG_ENABLE_OBJC_ARC = YES;
				CLANG_ENABLE_OBJC_WEAK = YES;
				CLANG_WARN_BLOCK_CAPTURE_AUTORELEASING = YES;
				CLANG_WARN_BOOL_CONVERSION = YES;
				CLANG_WARN_COMMA = YES;
				CLANG_WARN_CONSTANT_CONVERSION = YES;
				CLANG_WARN_DEPRECATED_OBJC_IMPLEMENTATIONS = YES;
				CLANG_WARN_DIRECT_OBJC_ISA_USAGE = YES_ERROR;
				CLANG_WARN_DOCUMENTATION_COMMENTS = YES;
				CLANG_WARN_EMPTY_BODY = YES;
				CLANG_WARN_ENUM_CONVERSION = YES;
				CLANG_WARN_INFINITE_RECURSION = YES;
				CLANG_WARN_INT_CONVERSION = YES;
				CLANG_WARN_NON_LITERAL_NULL_CONVERSION = YES;
				CLANG_WARN_OBJC_IMPLICIT_RETAIN_SELF = YES;
				CLANG_WARN_OBJC_LITERAL_CONVERSION = YES;
				CLANG_WARN_OBJC_ROOT_CLASS = YES_ERROR;
				CLANG_WARN_QUOTED_INCLUDE_IN_FRAMEWORK_HEADER = YES;
				CLANG_WARN_RANGE_LOOP_ANALYSIS = YES;
				CLANG_WARN_STRICT_PROTOTYPES = YES;
				CLANG_WARN_SUSPICIOUS_MOVE = YES;
				CLANG_WARN_UNGUARDED_AVAILABILITY = YES_AGGRESSIVE;
				CLANG_WARN_UNREACHABLE_CODE = YES;
				CLANG_WARN__DUPLICATE_METHOD_MATCH = YES;
				COPY_PHASE_STRIP = NO;
				DEBUG_INFORMATION_FORMAT = "dwarf-with-dsym";
				ENABLE_NS_ASSERTIONS = NO;
				ENABLE_STRICT_OBJC_MSGSEND = YES;
				GCC_C_LANGUAGE_STANDARD = gnu11;
				GCC_NO_COMMON_BLOCKS = YES;
				GCC_WARN_64_TO_32_BIT_CONVERSION = YES;
				GCC_WARN_ABOUT_RETURN_TYPE = YES_ERROR;
				GCC_WARN_UNDECLARED_SELECTOR = YES;
				GCC_WARN_UNINITIALIZED_AUTOS = YES_AGGRESSIVE;
				GCC_WARN_UNUSED_FUNCTION = YES;
				GCC_WARN_UNUSED_VARIABLE = YES;
				IPHONEOS_DEPLOYMENT_TARGET = 16.2;
				MTL_ENABLE_DEBUG_INFO = NO;
				MTL_FAST_MATH = YES;
				SDKROOT = iphoneos;
				SWIFT_COMPILATION_MODE = wholemodule;
				SWIFT_OPTIMIZATION_LEVEL = "-O";
				VALIDATE_PRODUCT = YES;
			};
			name = Release;
		};
		AB0D8BA02A51474400351E63 /* Debug */ = {
			isa = XCBuildConfiguration;
			buildSettings = {
				ASSETCATALOG_COMPILER_APPICON_NAME = AppIcon;
				ASSETCATALOG_COMPILER_GLOBAL_ACCENT_COLOR_NAME = AccentColor;
				CODE_SIGN_STYLE = Automatic;
				CURRENT_PROJECT_VERSION = 1;
				DEVELOPMENT_TEAM = K686RX6759;
				GENERATE_INFOPLIST_FILE = YES;
				INFOPLIST_FILE = ListedAssignment/Info.plist;
				INFOPLIST_KEY_UIApplicationSupportsIndirectInputEvents = YES;
				INFOPLIST_KEY_UILaunchStoryboardName = LaunchScreen;
				INFOPLIST_KEY_UIMainStoryboardFile = "";
				INFOPLIST_KEY_UISupportedInterfaceOrientations_iPad = "UIInterfaceOrientationPortrait UIInterfaceOrientationPortraitUpsideDown UIInterfaceOrientationLandscapeLeft UIInterfaceOrientationLandscapeRight";
				INFOPLIST_KEY_UISupportedInterfaceOrientations_iPhone = "UIInterfaceOrientationPortrait UIInterfaceOrientationLandscapeLeft UIInterfaceOrientationLandscapeRight";
				LD_RUNPATH_SEARCH_PATHS = (
					"$(inherited)",
					"@executable_path/Frameworks",
				);
				MARKETING_VERSION = 1.0;
				PRODUCT_BUNDLE_IDENTIFIER = com.aaditya.ListedAssignment;
				PRODUCT_NAME = "$(TARGET_NAME)";
				SWIFT_EMIT_LOC_STRINGS = YES;
				SWIFT_VERSION = 5.0;
				TARGETED_DEVICE_FAMILY = "1,2";
			};
			name = Debug;
		};
		AB0D8BA12A51474400351E63 /* Release */ = {
			isa = XCBuildConfiguration;
			buildSettings = {
				ASSETCATALOG_COMPILER_APPICON_NAME = AppIcon;
				ASSETCATALOG_COMPILER_GLOBAL_ACCENT_COLOR_NAME = AccentColor;
				CODE_SIGN_STYLE = Automatic;
				CURRENT_PROJECT_VERSION = 1;
				DEVELOPMENT_TEAM = K686RX6759;
				GENERATE_INFOPLIST_FILE = YES;
				INFOPLIST_FILE = ListedAssignment/Info.plist;
				INFOPLIST_KEY_UIApplicationSupportsIndirectInputEvents = YES;
				INFOPLIST_KEY_UILaunchStoryboardName = LaunchScreen;
				INFOPLIST_KEY_UIMainStoryboardFile = "";
				INFOPLIST_KEY_UISupportedInterfaceOrientations_iPad = "UIInterfaceOrientationPortrait UIInterfaceOrientationPortraitUpsideDown UIInterfaceOrientationLandscapeLeft UIInterfaceOrientationLandscapeRight";
				INFOPLIST_KEY_UISupportedInterfaceOrientations_iPhone = "UIInterfaceOrientationPortrait UIInterfaceOrientationLandscapeLeft UIInterfaceOrientationLandscapeRight";
				LD_RUNPATH_SEARCH_PATHS = (
					"$(inherited)",
					"@executable_path/Frameworks",
				);
				MARKETING_VERSION = 1.0;
				PRODUCT_BUNDLE_IDENTIFIER = com.aaditya.ListedAssignment;
				PRODUCT_NAME = "$(TARGET_NAME)";
				SWIFT_EMIT_LOC_STRINGS = YES;
				SWIFT_VERSION = 5.0;
				TARGETED_DEVICE_FAMILY = "1,2";
			};
			name = Release;
		};
/* End XCBuildConfiguration section */

/* Begin XCConfigurationList section */
		AB0D8B862A51474200351E63 /* Build configuration list for PBXProject "ListedAssignment" */ = {
			isa = XCConfigurationList;
			buildConfigurations = (
				AB0D8B9D2A51474400351E63 /* Debug */,
				AB0D8B9E2A51474400351E63 /* Release */,
			);
			defaultConfigurationIsVisible = 0;
			defaultConfigurationName = Release;
		};
		AB0D8B9F2A51474400351E63 /* Build configuration list for PBXNativeTarget "ListedAssignment" */ = {
			isa = XCConfigurationList;
			buildConfigurations = (
				AB0D8BA02A51474400351E63 /* Debug */,
				AB0D8BA12A51474400351E63 /* Release */,
			);
			defaultConfigurationIsVisible = 0;
			defaultConfigurationName = Release;
		};
/* End XCConfigurationList section */
	};
	rootObject = AB0D8B832A51474200351E63 /* Project object */;
}
